
Microsoft Visual Studio Solution File, Format Version 12.00
# Visual Studio Version 16
VisualStudioVersion = 16.0.30804.86
MinimumVisualStudioVersion = 10.0.40219.1
Project("{9A19103F-16F7-4668-BE54-9A1E7A4F7556}") = "Carousel", "Carousel\Carousel.csproj", "{376FC70F-8142-4A65-B44A-115F41E76C0D}"
EndProject
Project("{9A19103F-16F7-4668-BE54-9A1E7A4F7556}") = "StaticFileApp", "StaticFileApp\StaticFileApp.csproj", "{221DD0CD-9D2E-4520-AF24-E3CF2A746F4E}"
EndProject
Project("{9A19103F-16F7-4668-BE54-9A1E7A4F7556}") = "DBApp", "..\CoreMvcTemplate\CoreMvcTemplate\DBApp.csproj", "{1D93B446-D39C-42D3-A768-C563B214CB24}"
EndProject
Global
	GlobalSection(SolutionConfigurationPlatforms) = preSolution
		Debug|Any CPU = Debug|Any CPU
		Release|Any CPU = Release|Any CPU
	EndGlobalSection
	GlobalSection(ProjectConfigurationPlatforms) = postSolution
		{376FC70F-8142-4A65-B44A-115F41E76C0D}.Debug|Any CPU.ActiveCfg = Debug|Any CPU
		{376FC70F-8142-4A65-B44A-115F41E76C0D}.Debug|Any CPU.Build.0 = Debug|Any CPU
		{376FC70F-8142-4A65-B44A-115F41E76C0D}.Release|Any CPU.ActiveCfg = Release|Any CPU
		{376FC70F-8142-4A65-B44A-115F41E76C0D}.Release|Any CPU.Build.0 = Release|Any CPU
		{221DD0CD-9D2E-4520-AF24-E3CF2A746F4E}.Debug|Any CPU.ActiveCfg = Debug|Any CPU
		{221DD0CD-9D2E-4520-AF24-E3CF2A746F4E}.Debug|Any CPU.Build.0 = Debug|Any CPU
		{221DD0CD-9D2E-4520-AF24-E3CF2A746F4E}.Release|Any CPU.ActiveCfg = Release|Any CPU
		{221DD0CD-9D2E-4520-AF24-E3CF2A746F4E}.Release|Any CPU.Build.0 = Release|Any CPU
		{1D93B446-D39C-42D3-A768-C563B214CB24}.Debug|Any CPU.ActiveCfg = Debug|Any CPU
		{1D93B446-D39C-42D3-A768-C563B214CB24}.Debug|Any CPU.Build.0 = Debug|Any CPU
		{1D93B446-D39C-42D3-A768-C563B214CB24}.Release|Any CPU.ActiveCfg = Release|Any CPU
		{1D93B446-D39C-42D3-A768-C563B214CB24}.Release|Any CPU.Build.0 = Release|Any CPU
	EndGlobalSection
	GlobalSection(SolutionProperties) = preSolution
		HideSolutionNode = FALSE
	EndGlobalSection
	GlobalSection(ExtensibilityGlobals) = postSolution
		SolutionGuid = {4792FC9D-B005-4856-9934-05E07D46AFB1}
	EndGlobalSection
EndGlobal
